// !$*UTF8*$!
{
	archiveVersion = 1;
	classes = {
	};
	objectVersion = 50;
	objects = {

/* Begin PBXBuildFile section */
		7476723F21B5739600EAD0FF /* BST_test.cpp in Sources */ = {isa = PBXBuildFile; fileRef = 7476723E21B5739600EAD0FF /* BST_test.cpp */; };
		7476724321B573B800EAD0FF /* BST.cpp in Sources */ = {isa = PBXBuildFile; fileRef = 74B98E1D21A307250063C05E /* BST.cpp */; };
		7476724621C4D20C00EAD0FF /* FingerSolution.cpp in Sources */ = {isa = PBXBuildFile; fileRef = 7476724421C4D20C00EAD0FF /* FingerSolution.cpp */; };
		74B98E1C21A3033D0063C05E /* main.cpp in Sources */ = {isa = PBXBuildFile; fileRef = 74B98E1B21A3033D0063C05E /* main.cpp */; };
		74B98E1F21A307250063C05E /* BST.cpp in Sources */ = {isa = PBXBuildFile; fileRef = 74B98E1D21A307250063C05E /* BST.cpp */; };
		B22AA56021AFFEF10017DAB1 /* Solution.cpp in Sources */ = {isa = PBXBuildFile; fileRef = B22AA55721AFFE540017DAB1 /* Solution.cpp */; };
		B22AA56121AFFEF10017DAB1 /* main.cpp in Sources */ = {isa = PBXBuildFile; fileRef = B22AA55821AFFE540017DAB1 /* main.cpp */; };
		B22AA56221AFFEF10017DAB1 /* Solution.hpp in Sources */ = {isa = PBXBuildFile; fileRef = B22AA55921AFFE540017DAB1 /* Solution.hpp */; };
		B25DA65921CCF8F9004F8D58 /* Trie.cpp in Sources */ = {isa = PBXBuildFile; fileRef = B25DA65721CCF8F9004F8D58 /* Trie.cpp */; };
		B262BD6B21E37A3900C4B357 /* FileReader.cpp in Sources */ = {isa = PBXBuildFile; fileRef = B262BD6921E37A3900C4B357 /* FileReader.cpp */; };
		B29E2B3821B7DDC90027ECEF /* SolutionTest.cpp in Sources */ = {isa = PBXBuildFile; fileRef = B29E2B3621B7DDC90027ECEF /* SolutionTest.cpp */; };
/* End PBXBuildFile section */

/* Begin PBXCopyFilesBuildPhase section */
		7476723A21B5739600EAD0FF /* CopyFiles */ = {
			isa = PBXCopyFilesBuildPhase;
			buildActionMask = 2147483647;
			dstPath = /usr/share/man/man1/;
			dstSubfolderSpec = 0;
			files = (
			);
			runOnlyForDeploymentPostprocessing = 1;
		};
		74B98E0E21A302F20063C05E /* CopyFiles */ = {
			isa = PBXCopyFilesBuildPhase;
			buildActionMask = 2147483647;
			dstPath = /usr/share/man/man1/;
			dstSubfolderSpec = 0;
			files = (
			);
			runOnlyForDeploymentPostprocessing = 1;
		};
		B22AA54521AFFE160017DAB1 /* CopyFiles */ = {
			isa = PBXCopyFilesBuildPhase;
			buildActionMask = 2147483647;
			dstPath = /usr/share/man/man1/;
			dstSubfolderSpec = 0;
			files = (
			);
			runOnlyForDeploymentPostprocessing = 1;
		};
/* End PBXCopyFilesBuildPhase section */

/* Begin PBXFileReference section */
		7476723C21B5739600EAD0FF /* BST_Test */ = {isa = PBXFileReference; explicitFileType = "compiled.mach-o.executable"; includeInIndex = 0; path = BST_Test; sourceTree = BUILT_PRODUCTS_DIR; };
		7476723E21B5739600EAD0FF /* BST_test.cpp */ = {isa = PBXFileReference; lastKnownFileType = sourcecode.cpp.cpp; path = BST_test.cpp; sourceTree = "<group>"; };
		7476724421C4D20C00EAD0FF /* FingerSolution.cpp */ = {isa = PBXFileReference; lastKnownFileType = sourcecode.cpp.cpp; path = FingerSolution.cpp; sourceTree = "<group>"; };
		7476724521C4D20C00EAD0FF /* FingerSolution.hpp */ = {isa = PBXFileReference; lastKnownFileType = sourcecode.cpp.h; path = FingerSolution.hpp; sourceTree = "<group>"; };
		74B98E1021A302F20063C05E /* PlayGround */ = {isa = PBXFileReference; explicitFileType = "compiled.mach-o.executable"; includeInIndex = 0; path = PlayGround; sourceTree = BUILT_PRODUCTS_DIR; };
		74B98E1B21A3033D0063C05E /* main.cpp */ = {isa = PBXFileReference; fileEncoding = 4; lastKnownFileType = sourcecode.cpp.cpp; path = main.cpp; sourceTree = "<group>"; };
		74B98E1D21A307250063C05E /* BST.cpp */ = {isa = PBXFileReference; lastKnownFileType = sourcecode.cpp.cpp; path = BST.cpp; sourceTree = "<group>"; };
		74B98E1E21A307250063C05E /* BST.hpp */ = {isa = PBXFileReference; lastKnownFileType = sourcecode.cpp.h; path = BST.hpp; sourceTree = "<group>"; };
		B22AA54721AFFE160017DAB1 /* solutions */ = {isa = PBXFileReference; explicitFileType = "compiled.mach-o.executable"; includeInIndex = 0; path = solutions; sourceTree = BUILT_PRODUCTS_DIR; };
		B22AA55121AFFE540017DAB1 /* makefile */ = {isa = PBXFileReference; fileEncoding = 4; lastKnownFileType = sourcecode.make; path = makefile; sourceTree = "<group>"; };
		B22AA55721AFFE540017DAB1 /* Solution.cpp */ = {isa = PBXFileReference; fileEncoding = 4; lastKnownFileType = sourcecode.cpp.cpp; path = Solution.cpp; sourceTree = "<group>"; };
		B22AA55821AFFE540017DAB1 /* main.cpp */ = {isa = PBXFileReference; fileEncoding = 4; lastKnownFileType = sourcecode.cpp.cpp; path = main.cpp; sourceTree = "<group>"; };
		B22AA55921AFFE540017DAB1 /* Solution.hpp */ = {isa = PBXFileReference; fileEncoding = 4; lastKnownFileType = sourcecode.cpp.h; path = Solution.hpp; sourceTree = "<group>"; };
		B25DA65721CCF8F9004F8D58 /* Trie.cpp */ = {isa = PBXFileReference; lastKnownFileType = sourcecode.cpp.cpp; path = Trie.cpp; sourceTree = "<group>"; };
		B25DA65821CCF8F9004F8D58 /* Trie.hpp */ = {isa = PBXFileReference; lastKnownFileType = sourcecode.cpp.h; path = Trie.hpp; sourceTree = "<group>"; };
		B262BD6921E37A3900C4B357 /* FileReader.cpp */ = {isa = PBXFileReference; lastKnownFileType = sourcecode.cpp.cpp; path = FileReader.cpp; sourceTree = "<group>"; };
		B262BD6A21E37A3900C4B357 /* FileReader.hpp */ = {isa = PBXFileReference; lastKnownFileType = sourcecode.cpp.h; path = FileReader.hpp; sourceTree = "<group>"; };
		B29E2B3621B7DDC90027ECEF /* SolutionTest.cpp */ = {isa = PBXFileReference; lastKnownFileType = sourcecode.cpp.cpp; path = SolutionTest.cpp; sourceTree = "<group>"; };
		B29E2B3721B7DDC90027ECEF /* SolutionTest.hpp */ = {isa = PBXFileReference; lastKnownFileType = sourcecode.cpp.h; path = SolutionTest.hpp; sourceTree = "<group>"; };
/* End PBXFileReference section */

/* Begin PBXFrameworksBuildPhase section */
		7476723921B5739600EAD0FF /* Frameworks */ = {
			isa = PBXFrameworksBuildPhase;
			buildActionMask = 2147483647;
			files = (
			);
			runOnlyForDeploymentPostprocessing = 0;
		};
		74B98E0D21A302F20063C05E /* Frameworks */ = {
			isa = PBXFrameworksBuildPhase;
			buildActionMask = 2147483647;
			files = (
			);
			runOnlyForDeploymentPostprocessing = 0;
		};
		B22AA54421AFFE160017DAB1 /* Frameworks */ = {
			isa = PBXFrameworksBuildPhase;
			buildActionMask = 2147483647;
			files = (
			);
			runOnlyForDeploymentPostprocessing = 0;
		};
/* End PBXFrameworksBuildPhase section */

/* Begin PBXGroup section */
		7476723D21B5739600EAD0FF /* BST_Test */ = {
			isa = PBXGroup;
			children = (
				7476723E21B5739600EAD0FF /* BST_test.cpp */,
			);
			path = BST_Test;
			sourceTree = "<group>";
		};
		74B98E0721A302F20063C05E = {
			isa = PBXGroup;
			children = (
				B22AA54E21AFFE540017DAB1 /* solutions */,
				74B98E1A21A3033D0063C05E /* src */,
				7476723D21B5739600EAD0FF /* BST_Test */,
				74B98E1121A302F20063C05E /* Products */,
			);
			sourceTree = "<group>";
		};
		74B98E1121A302F20063C05E /* Products */ = {
			isa = PBXGroup;
			children = (
				74B98E1021A302F20063C05E /* PlayGround */,
				7476723C21B5739600EAD0FF /* BST_Test */,
				B22AA54721AFFE160017DAB1 /* solutions */,
			);
			name = Products;
			sourceTree = "<group>";
		};
		74B98E1A21A3033D0063C05E /* src */ = {
			isa = PBXGroup;
			children = (
				74B98E1B21A3033D0063C05E /* main.cpp */,
				74B98E1E21A307250063C05E /* BST.hpp */,
				74B98E1D21A307250063C05E /* BST.cpp */,
				B25DA65721CCF8F9004F8D58 /* Trie.cpp */,
				B262BD6A21E37A3900C4B357 /* FileReader.hpp */,
				B262BD6921E37A3900C4B357 /* FileReader.cpp */,
				B25DA65821CCF8F9004F8D58 /* Trie.hpp */,
			);
			path = src;
			sourceTree = "<group>";
		};
		B22AA54E21AFFE540017DAB1 /* solutions */ = {
			isa = PBXGroup;
			children = (
				B22AA55121AFFE540017DAB1 /* makefile */,
				B22AA55621AFFE540017DAB1 /* src */,
			);
			path = solutions;
			sourceTree = "<group>";
		};
		B22AA55621AFFE540017DAB1 /* src */ = {
			isa = PBXGroup;
			children = (
				B22AA55921AFFE540017DAB1 /* Solution.hpp */,
				B22AA55721AFFE540017DAB1 /* Solution.cpp */,
				B29E2B3721B7DDC90027ECEF /* SolutionTest.hpp */,
				B29E2B3621B7DDC90027ECEF /* SolutionTest.cpp */,
				7476724521C4D20C00EAD0FF /* FingerSolution.hpp */,
				7476724421C4D20C00EAD0FF /* FingerSolution.cpp */,
				B22AA55821AFFE540017DAB1 /* main.cpp */,
			);
			path = src;
			sourceTree = "<group>";
		};
/* End PBXGroup section */

/* Begin PBXNativeTarget section */
		7476723B21B5739600EAD0FF /* BST_Test */ = {
			isa = PBXNativeTarget;
			buildConfigurationList = 7476724021B5739600EAD0FF /* Build configuration list for PBXNativeTarget "BST_Test" */;
			buildPhases = (
				7476723821B5739600EAD0FF /* Sources */,
				7476723921B5739600EAD0FF /* Frameworks */,
				7476723A21B5739600EAD0FF /* CopyFiles */,
			);
			buildRules = (
			);
			dependencies = (
			);
			name = BST_Test;
			productName = BST_Test;
			productReference = 7476723C21B5739600EAD0FF /* BST_Test */;
			productType = "com.apple.product-type.tool";
		};
		74B98E0F21A302F20063C05E /* PlayGround */ = {
			isa = PBXNativeTarget;
			buildConfigurationList = 74B98E1721A302F20063C05E /* Build configuration list for PBXNativeTarget "PlayGround" */;
			buildPhases = (
				74B98E0C21A302F20063C05E /* Sources */,
				74B98E0D21A302F20063C05E /* Frameworks */,
				74B98E0E21A302F20063C05E /* CopyFiles */,
			);
			buildRules = (
			);
			dependencies = (
			);
			name = PlayGround;
			productName = PlayGround;
			productReference = 74B98E1021A302F20063C05E /* PlayGround */;
			productType = "com.apple.product-type.tool";
		};
		B22AA54621AFFE160017DAB1 /* solutions */ = {
			isa = PBXNativeTarget;
			buildConfigurationList = B22AA54D21AFFE170017DAB1 /* Build configuration list for PBXNativeTarget "solutions" */;
			buildPhases = (
				B22AA54321AFFE160017DAB1 /* Sources */,
				B22AA54421AFFE160017DAB1 /* Frameworks */,
				B22AA54521AFFE160017DAB1 /* CopyFiles */,
			);
			buildRules = (
			);
			dependencies = (
			);
			name = solutions;
			productName = solution;
			productReference = B22AA54721AFFE160017DAB1 /* solutions */;
			productType = "com.apple.product-type.tool";
		};
/* End PBXNativeTarget section */

/* Begin PBXProject section */
		74B98E0821A302F20063C05E /* Project object */ = {
			isa = PBXProject;
			attributes = {
				LastSwiftUpdateCheck = 1010;
				LastUpgradeCheck = 1010;
				ORGANIZATIONNAME = Grocery;
				TargetAttributes = {
					7476723B21B5739600EAD0FF = {
						CreatedOnToolsVersion = 10.1;
					};
					74B98E0F21A302F20063C05E = {
						CreatedOnToolsVersion = 10.1;
					};
					B22AA54621AFFE160017DAB1 = {
						CreatedOnToolsVersion = 10.0;
					};
				};
			};
			buildConfigurationList = 74B98E0B21A302F20063C05E /* Build configuration list for PBXProject "PlayGround" */;
			compatibilityVersion = "Xcode 9.3";
			developmentRegion = en;
			hasScannedForEncodings = 0;
			knownRegions = (
				en,
			);
			mainGroup = 74B98E0721A302F20063C05E;
			productRefGroup = 74B98E1121A302F20063C05E /* Products */;
			projectDirPath = "";
			projectRoot = "";
			targets = (
				74B98E0F21A302F20063C05E /* PlayGround */,
				7476723B21B5739600EAD0FF /* BST_Test */,
				B22AA54621AFFE160017DAB1 /* solutions */,
			);
		};
/* End PBXProject section */

/* Begin PBXSourcesBuildPhase section */
		7476723821B5739600EAD0FF /* Sources */ = {
			isa = PBXSourcesBuildPhase;
			buildActionMask = 2147483647;
			files = (
				7476724321B573B800EAD0FF /* BST.cpp in Sources */,
				7476723F21B5739600EAD0FF /* BST_test.cpp in Sources */,
			);
			runOnlyForDeploymentPostprocessing = 0;
		};
		74B98E0C21A302F20063C05E /* Sources */ = {
			isa = PBXSourcesBuildPhase;
			buildActionMask = 2147483647;
			files = (
				B25DA65921CCF8F9004F8D58 /* Trie.cpp in Sources */,
				74B98E1C21A3033D0063C05E /* main.cpp in Sources */,
				B262BD6B21E37A3900C4B357 /* FileReader.cpp in Sources */,
				74B98E1F21A307250063C05E /* BST.cpp in Sources */,
			);
			runOnlyForDeploymentPostprocessing = 0;
		};
		B22AA54321AFFE160017DAB1 /* Sources */ = {
			isa = PBXSourcesBuildPhase;
			buildActionMask = 2147483647;
			files = (
				B22AA56021AFFEF10017DAB1 /* Solution.cpp in Sources */,
				B22AA56121AFFEF10017DAB1 /* main.cpp in Sources */,
				7476724621C4D20C00EAD0FF /* FingerSolution.cpp in Sources */,
				B29E2B3821B7DDC90027ECEF /* SolutionTest.cpp in Sources */,
				B22AA56221AFFEF10017DAB1 /* Solution.hpp in Sources */,
			);
			runOnlyForDeploymentPostprocessing = 0;
		};
/* End PBXSourcesBuildPhase section */

/* Begin XCBuildConfiguration section */
		7476724121B5739600EAD0FF /* Debug */ = {
			isa = XCBuildConfiguration;
			buildSettings = {
				CODE_SIGN_STYLE = Automatic;
				PRODUCT_NAME = "$(TARGET_NAME)";
			};
			name = Debug;
		};
		7476724221B5739600EAD0FF /* Release */ = {
			isa = XCBuildConfiguration;
			buildSettings = {
				CODE_SIGN_STYLE = Automatic;
				PRODUCT_NAME = "$(TARGET_NAME)";
			};
			name = Release;
		};
		74B98E1521A302F20063C05E /* Debug */ = {
			isa = XCBuildConfiguration;
			buildSettings = {
				ALWAYS_SEARCH_USER_PATHS = NO;
				CLANG_ANALYZER_NONNULL = YES;
				CLANG_ANALYZER_NUMBER_OBJECT_CONVERSION = YES_AGGRESSIVE;
				CLANG_CXX_LANGUAGE_STANDARD = "gnu++14";
				CLANG_CXX_LIBRARY = "libc++";
				CLANG_ENABLE_MODULES = YES;
				CLANG_ENABLE_OBJC_ARC = YES;
				CLANG_ENABLE_OBJC_WEAK = YES;
				CLANG_WARN_BLOCK_CAPTURE_AUTORELEASING = YES;
				CLANG_WARN_BOOL_CONVERSION = YES;
				CLANG_WARN_COMMA = YES;
				CLANG_WARN_CONSTANT_CONVERSION = YES;
				CLANG_WARN_DEPRECATED_OBJC_IMPLEMENTATIONS = YES;
				CLANG_WARN_DIRECT_OBJC_ISA_USAGE = YES_ERROR;
				CLANG_WARN_DOCUMENTATION_COMMENTS = YES;
				CLANG_WARN_EMPTY_BODY = YES;
				CLANG_WARN_ENUM_CONVERSION = YES;
				CLANG_WARN_INFINITE_RECURSION = YES;
				CLANG_WARN_INT_CONVERSION = YES;
				CLANG_WARN_NON_LITERAL_NULL_CONVERSION = YES;
				CLANG_WARN_OBJC_IMPLICIT_RETAIN_SELF = YES;
				CLANG_WARN_OBJC_LITERAL_CONVERSION = YES;
				CLANG_WARN_OBJC_ROOT_CLASS = YES_ERROR;
				CLANG_WARN_RANGE_LOOP_ANALYSIS = YES;
				CLANG_WARN_STRICT_PROTOTYPES = YES;
				CLANG_WARN_SUSPICIOUS_MOVE = YES;
				CLANG_WARN_UNGUARDED_AVAILABILITY = YES_AGGRESSIVE;
				CLANG_WARN_UNREACHABLE_CODE = YES;
				CLANG_WARN__DUPLICATE_METHOD_MATCH = YES;
				CODE_SIGN_IDENTITY = "-";
				COPY_PHASE_STRIP = NO;
				DEBUG_INFORMATION_FORMAT = dwarf;
				ENABLE_STRICT_OBJC_MSGSEND = YES;
				ENABLE_TESTABILITY = YES;
				GCC_C_LANGUAGE_STANDARD = gnu11;
				GCC_DYNAMIC_NO_PIC = NO;
				GCC_NO_COMMON_BLOCKS = YES;
				GCC_OPTIMIZATION_LEVEL = 0;
				GCC_PREPROCESSOR_DEFINITIONS = (
					"DEBUG=1",
					"$(inherited)",
				);
				GCC_WARN_64_TO_32_BIT_CONVERSION = YES;
				GCC_WARN_ABOUT_RETURN_TYPE = YES_ERROR;
				GCC_WARN_UNDECLARED_SELECTOR = YES;
				GCC_WARN_UNINITIALIZED_AUTOS = YES_AGGRESSIVE;
				GCC_WARN_UNUSED_FUNCTION = YES;
				GCC_WARN_UNUSED_VARIABLE = YES;
				MACOSX_DEPLOYMENT_TARGET = 10.14;
				MTL_ENABLE_DEBUG_INFO = INCLUDE_SOURCE;
				MTL_FAST_MATH = YES;
				ONLY_ACTIVE_ARCH = YES;
				SDKROOT = macosx;
			};
			name = Debug;
		};
		74B98E1621A302F20063C05E /* Release */ = {
			isa = XCBuildConfiguration;
			buildSettings = {
				ALWAYS_SEARCH_USER_PATHS = NO;
				CLANG_ANALYZER_NONNULL = YES;
				CLANG_ANALYZER_NUMBER_OBJECT_CONVERSION = YES_AGGRESSIVE;
				CLANG_CXX_LANGUAGE_STANDARD = "gnu++14";
				CLANG_CXX_LIBRARY = "libc++";
				CLANG_ENABLE_MODULES = YES;
				CLANG_ENABLE_OBJC_ARC = YES;
				CLANG_ENABLE_OBJC_WEAK = YES;
				CLANG_WARN_BLOCK_CAPTURE_AUTORELEASING = YES;
				CLANG_WARN_BOOL_CONVERSION = YES;
				CLANG_WARN_COMMA = YES;
				CLANG_WARN_CONSTANT_CONVERSION = YES;
				CLANG_WARN_DEPRECATED_OBJC_IMPLEMENTATIONS = YES;
				CLANG_WARN_DIRECT_OBJC_ISA_USAGE = YES_ERROR;
				CLANG_WARN_DOCUMENTATION_COMMENTS = YES;
				CLANG_WARN_EMPTY_BODY = YES;
				CLANG_WARN_ENUM_CONVERSION = YES;
				CLANG_WARN_INFINITE_RECURSION = YES;
				CLANG_WARN_INT_CONVERSION = YES;
				CLANG_WARN_NON_LITERAL_NULL_CONVERSION = YES;
				CLANG_WARN_OBJC_IMPLICIT_RETAIN_SELF = YES;
				CLANG_WARN_OBJC_LITERAL_CONVERSION = YES;
				CLANG_WARN_OBJC_ROOT_CLASS = YES_ERROR;
				CLANG_WARN_RANGE_LOOP_ANALYSIS = YES;
				CLANG_WARN_STRICT_PROTOTYPES = YES;
				CLANG_WARN_SUSPICIOUS_MOVE = YES;
				CLANG_WARN_UNGUARDED_AVAILABILITY = YES_AGGRESSIVE;
				CLANG_WARN_UNREACHABLE_CODE = YES;
				CLANG_WARN__DUPLICATE_METHOD_MATCH = YES;
				CODE_SIGN_IDENTITY = "-";
				COPY_PHASE_STRIP = NO;
				DEBUG_INFORMATION_FORMAT = "dwarf-with-dsym";
				ENABLE_NS_ASSERTIONS = NO;
				ENABLE_STRICT_OBJC_MSGSEND = YES;
				GCC_C_LANGUAGE_STANDARD = gnu11;
				GCC_NO_COMMON_BLOCKS = YES;
				GCC_WARN_64_TO_32_BIT_CONVERSION = YES;
				GCC_WARN_ABOUT_RETURN_TYPE = YES_ERROR;
				GCC_WARN_UNDECLARED_SELECTOR = YES;
				GCC_WARN_UNINITIALIZED_AUTOS = YES_AGGRESSIVE;
				GCC_WARN_UNUSED_FUNCTION = YES;
				GCC_WARN_UNUSED_VARIABLE = YES;
				MACOSX_DEPLOYMENT_TARGET = 10.14;
				MTL_ENABLE_DEBUG_INFO = NO;
				MTL_FAST_MATH = YES;
				SDKROOT = macosx;
			};
			name = Release;
		};
		74B98E1821A302F20063C05E /* Debug */ = {
			isa = XCBuildConfiguration;
			buildSettings = {
				CODE_SIGN_STYLE = Automatic;
				PRODUCT_NAME = "$(TARGET_NAME)";
			};
			name = Debug;
		};
		74B98E1921A302F20063C05E /* Release */ = {
			isa = XCBuildConfiguration;
			buildSettings = {
				CODE_SIGN_STYLE = Automatic;
				PRODUCT_NAME = "$(TARGET_NAME)";
			};
			name = Release;
		};
		B22AA54B21AFFE170017DAB1 /* Debug */ = {
			isa = XCBuildConfiguration;
			buildSettings = {
				CODE_SIGN_STYLE = Automatic;
				MACOSX_DEPLOYMENT_TARGET = 10.13;
				PRODUCT_NAME = "$(TARGET_NAME)";
			};
			name = Debug;
		};
		B22AA54C21AFFE170017DAB1 /* Release */ = {
			isa = XCBuildConfiguration;
			buildSettings = {
				CODE_SIGN_STYLE = Automatic;
				MACOSX_DEPLOYMENT_TARGET = 10.13;
				PRODUCT_NAME = "$(TARGET_NAME)";
			};
			name = Release;
		};
/* End XCBuildConfiguration section */

/* Begin XCConfigurationList section */
		7476724021B5739600EAD0FF /* Build configuration list for PBXNativeTarget "BST_Test" */ = {
			isa = XCConfigurationList;
			buildConfigurations = (
				7476724121B5739600EAD0FF /* Debug */,
				7476724221B5739600EAD0FF /* Release */,
			);
			defaultConfigurationIsVisible = 0;
			defaultConfigurationName = Release;
		};
		74B98E0B21A302F20063C05E /* Build configuration list for PBXProject "PlayGround" */ = {
			isa = XCConfigurationList;
			buildConfigurations = (
				74B98E1521A302F20063C05E /* Debug */,
				74B98E1621A302F20063C05E /* Release */,
			);
			defaultConfigurationIsVisible = 0;
			defaultConfigurationName = Release;
		};
		74B98E1721A302F20063C05E /* Build configuration list for PBXNativeTarget "PlayGround" */ = {
			isa = XCConfigurationList;
			buildConfigurations = (
				74B98E1821A302F20063C05E /* Debug */,
				74B98E1921A302F20063C05E /* Release */,
			);
			defaultConfigurationIsVisible = 0;
			defaultConfigurationName = Release;
		};
		B22AA54D21AFFE170017DAB1 /* Build configuration list for PBXNativeTarget "solutions" */ = {
			isa = XCConfigurationList;
			buildConfigurations = (
				B22AA54B21AFFE170017DAB1 /* Debug */,
				B22AA54C21AFFE170017DAB1 /* Release */,
			);
			defaultConfigurationIsVisible = 0;
			defaultConfigurationName = Release;
		};
/* End XCConfigurationList section */
	};
	rootObject = 74B98E0821A302F20063C05E /* Project object */;
}
